
Microsoft Visual Studio Solution File, Format Version 12.00
# Visual Studio Version 16
VisualStudioVersion = 16.0.28803.202
MinimumVisualStudioVersion = 10.0.40219.1
Project("{FAE04EC0-301F-11D3-BF4B-00C04F79EFBC}") = "ProductView", "ProductView\ProductView.csproj", "{C134ED74-BA3D-4F67-BAE3-7DE7A0FD8486}"
EndProject
Project("{FAE04EC0-301F-11D3-BF4B-00C04F79EFBC}") = "ProductAPI", "Product_API\ProductAPI.csproj", "{64CDC77C-8FFD-41ED-9B18-21880E451178}"
EndProject
Project("{FAE04EC0-301F-11D3-BF4B-00C04F79EFBC}") = "Product_Repository", "Product_Repository\Product_Repository.csproj", "{58CE7976-5272-4089-BCB4-28841AC0ADAB}"
EndProject
Global
	GlobalSection(SolutionConfigurationPlatforms) = preSolution
		Debug|Any CPU = Debug|Any CPU
		Release|Any CPU = Release|Any CPU
	EndGlobalSection
	GlobalSection(ProjectConfigurationPlatforms) = postSolution
		{C134ED74-BA3D-4F67-BAE3-7DE7A0FD8486}.Debug|Any CPU.ActiveCfg = Debug|Any CPU
		{C134ED74-BA3D-4F67-BAE3-7DE7A0FD8486}.Debug|Any CPU.Build.0 = Debug|Any CPU
		{C134ED74-BA3D-4F67-BAE3-7DE7A0FD8486}.Release|Any CPU.ActiveCfg = Release|Any CPU
		{C134ED74-BA3D-4F67-BAE3-7DE7A0FD8486}.Release|Any CPU.Build.0 = Release|Any CPU
		{64CDC77C-8FFD-41ED-9B18-21880E451178}.Debug|Any CPU.ActiveCfg = Debug|Any CPU
		{64CDC77C-8FFD-41ED-9B18-21880E451178}.Debug|Any CPU.Build.0 = Debug|Any CPU
		{64CDC77C-8FFD-41ED-9B18-21880E451178}.Release|Any CPU.ActiveCfg = Release|Any CPU
		{64CDC77C-8FFD-41ED-9B18-21880E451178}.Release|Any CPU.Build.0 = Release|Any CPU
		{58CE7976-5272-4089-BCB4-28841AC0ADAB}.Debug|Any CPU.ActiveCfg = Debug|Any CPU
		{58CE7976-5272-4089-BCB4-28841AC0ADAB}.Debug|Any CPU.Build.0 = Debug|Any CPU
		{58CE7976-5272-4089-BCB4-28841AC0ADAB}.Release|Any CPU.ActiveCfg = Release|Any CPU
		{58CE7976-5272-4089-BCB4-28841AC0ADAB}.Release|Any CPU.Build.0 = Release|Any CPU
	EndGlobalSection
	GlobalSection(SolutionProperties) = preSolution
		HideSolutionNode = FALSE
	EndGlobalSection
	GlobalSection(ExtensibilityGlobals) = postSolution
		SolutionGuid = {D9FCCD49-7194-4394-978D-42A28C43C477}
	EndGlobalSection
EndGlobal
